// !$*UTF8*$!
{
	archiveVersion = 1;
	classes = {
	};
	objectVersion = 46;
	objects = {

/* Begin PBXBuildFile section */
		7426D4C01573DDCF00812DD0 /* OLD main.cpp in Sources */ = {isa = PBXBuildFile; fileRef = 7426D4BF1573DDCF00812DD0 /* OLD main.cpp */; };
		7426D4C21573DDCF00812DD0 /* CVTtoPGM.1 in CopyFiles */ = {isa = PBXBuildFile; fileRef = 7426D4C11573DDCF00812DD0 /* CVTtoPGM.1 */; };
		7426D4D31573DE0000812DD0 /* main.cpp in Sources */ = {isa = PBXBuildFile; fileRef = 7426D4CD1573DDFF00812DD0 /* main.cpp */; };
		7426D4D51573DF9E00812DD0 /* OpenCV.framework in Frameworks */ = {isa = PBXBuildFile; fileRef = 7426D4D41573DF9E00812DD0 /* OpenCV.framework */; };
/* End PBXBuildFile section */

/* Begin PBXCopyFilesBuildPhase section */
		7426D4B91573DDCF00812DD0 /* CopyFiles */ = {
			isa = PBXCopyFilesBuildPhase;
			buildActionMask = 2147483647;
			dstPath = /usr/share/man/man1/;
			dstSubfolderSpec = 0;
			files = (
				7426D4C21573DDCF00812DD0 /* CVTtoPGM.1 in CopyFiles */,
			);
			runOnlyForDeploymentPostprocessing = 1;
		};
/* End PBXCopyFilesBuildPhase section */

/* Begin PBXFileReference section */
		7426D4BB1573DDCF00812DD0 /* CVTtoPGM */ = {isa = PBXFileReference; explicitFileType = "compiled.mach-o.executable"; includeInIndex = 0; path = CVTtoPGM; sourceTree = BUILT_PRODUCTS_DIR; };
		7426D4BF1573DDCF00812DD0 /* OLD main.cpp */ = {isa = PBXFileReference; lastKnownFileType = sourcecode.cpp.cpp; path = "OLD main.cpp"; sourceTree = "<group>"; };
		7426D4C11573DDCF00812DD0 /* CVTtoPGM.1 */ = {isa = PBXFileReference; lastKnownFileType = text.man; path = CVTtoPGM.1; sourceTree = "<group>"; };
		7426D4C81573DDFF00812DD0 /* all10.txt */ = {isa = PBXFileReference; fileEncoding = 4; lastKnownFileType = text; path = all10.txt; sourceTree = "<group>"; };
		7426D4C91573DDFF00812DD0 /* build.sh */ = {isa = PBXFileReference; fileEncoding = 4; lastKnownFileType = text.script.sh; path = build.sh; sourceTree = "<group>"; };
		7426D4CA1573DDFF00812DD0 /* haarcascade_frontalface_alt.xml */ = {isa = PBXFileReference; fileEncoding = 4; lastKnownFileType = text.xml; path = haarcascade_frontalface_alt.xml; sourceTree = "<group>"; };
		7426D4CB1573DDFF00812DD0 /* lower3.txt */ = {isa = PBXFileReference; fileEncoding = 4; lastKnownFileType = text; path = lower3.txt; sourceTree = "<group>"; };
		7426D4CC1573DDFF00812DD0 /* new_person.txt */ = {isa = PBXFileReference; fileEncoding = 4; lastKnownFileType = text; path = new_person.txt; sourceTree = "<group>"; };
		7426D4CD1573DDFF00812DD0 /* main.cpp */ = {isa = PBXFileReference; fileEncoding = 4; lastKnownFileType = sourcecode.cpp.cpp; path = main.cpp; sourceTree = "<group>"; };
		7426D4CE1573DDFF00812DD0 /* paul.jpg */ = {isa = PBXFileReference; lastKnownFileType = image.jpeg; path = paul.jpg; sourceTree = "<group>"; };
		7426D4CF1573DE0000812DD0 /* README */ = {isa = PBXFileReference; fileEncoding = 4; lastKnownFileType = text; path = README; sourceTree = "<group>"; };
		7426D4D01573DE0000812DD0 /* testface.jpg */ = {isa = PBXFileReference; lastKnownFileType = image.jpeg; path = testface.jpg; sourceTree = "<group>"; };
		7426D4D11573DE0000812DD0 /* train.txt */ = {isa = PBXFileReference; fileEncoding = 4; lastKnownFileType = text; path = train.txt; sourceTree = "<group>"; };
		7426D4D21573DE0000812DD0 /* upper6.txt */ = {isa = PBXFileReference; fileEncoding = 4; lastKnownFileType = text; path = upper6.txt; sourceTree = "<group>"; };
		7426D4D41573DF9E00812DD0 /* OpenCV.framework */ = {isa = PBXFileReference; lastKnownFileType = wrapper.framework; path = OpenCV.framework; sourceTree = "<group>"; };
/* End PBXFileReference section */

/* Begin PBXFrameworksBuildPhase section */
		7426D4B81573DDCF00812DD0 /* Frameworks */ = {
			isa = PBXFrameworksBuildPhase;
			buildActionMask = 2147483647;
			files = (
				7426D4D51573DF9E00812DD0 /* OpenCV.framework in Frameworks */,
			);
			runOnlyForDeploymentPostprocessing = 0;
		};
/* End PBXFrameworksBuildPhase section */

/* Begin PBXGroup section */
		7426D4B01573DDCF00812DD0 = {
			isa = PBXGroup;
			children = (
				7426D4BE1573DDCF00812DD0 /* CVTtoPGM */,
				7426D4BC1573DDCF00812DD0 /* Products */,
			);
			sourceTree = "<group>";
		};
		7426D4BC1573DDCF00812DD0 /* Products */ = {
			isa = PBXGroup;
			children = (
				7426D4BB1573DDCF00812DD0 /* CVTtoPGM */,
			);
			name = Products;
			sourceTree = "<group>";
		};
		7426D4BE1573DDCF00812DD0 /* CVTtoPGM */ = {
			isa = PBXGroup;
			children = (
				7426D4BF1573DDCF00812DD0 /* OLD main.cpp */,
				7426D4C81573DDFF00812DD0 /* all10.txt */,
				7426D4C91573DDFF00812DD0 /* build.sh */,
				7426D4CA1573DDFF00812DD0 /* haarcascade_frontalface_alt.xml */,
				7426D4CB1573DDFF00812DD0 /* lower3.txt */,
				7426D4CC1573DDFF00812DD0 /* new_person.txt */,
				7426D4CD1573DDFF00812DD0 /* main.cpp */,
				7426D4D41573DF9E00812DD0 /* OpenCV.framework */,
				7426D4CE1573DDFF00812DD0 /* paul.jpg */,
				7426D4CF1573DE0000812DD0 /* README */,
				7426D4D01573DE0000812DD0 /* testface.jpg */,
				7426D4D11573DE0000812DD0 /* train.txt */,
				7426D4D21573DE0000812DD0 /* upper6.txt */,
				7426D4C11573DDCF00812DD0 /* CVTtoPGM.1 */,
			);
			path = CVTtoPGM;
			sourceTree = "<group>";
		};
/* End PBXGroup section */

/* Begin PBXNativeTarget section */
		7426D4BA1573DDCF00812DD0 /* CVTtoPGM */ = {
			isa = PBXNativeTarget;
			buildConfigurationList = 7426D4C51573DDCF00812DD0 /* Build configuration list for PBXNativeTarget "CVTtoPGM" */;
			buildPhases = (
				7426D4B71573DDCF00812DD0 /* Sources */,
				7426D4B81573DDCF00812DD0 /* Frameworks */,
				7426D4B91573DDCF00812DD0 /* CopyFiles */,
			);
			buildRules = (
			);
			dependencies = (
			);
			name = CVTtoPGM;
			productName = CVTtoPGM;
			productReference = 7426D4BB1573DDCF00812DD0 /* CVTtoPGM */;
			productType = "com.apple.product-type.tool";
		};
/* End PBXNativeTarget section */

/* Begin PBXProject section */
		7426D4B21573DDCF00812DD0 /* Project object */ = {
			isa = PBXProject;
			attributes = {
				LastUpgradeCheck = 0430;
				ORGANIZATIONNAME = HOME;
			};
			buildConfigurationList = 7426D4B51573DDCF00812DD0 /* Build configuration list for PBXProject "CVTtoPGM" */;
			compatibilityVersion = "Xcode 3.2";
			developmentRegion = English;
			hasScannedForEncodings = 0;
			knownRegions = (
				en,
			);
			mainGroup = 7426D4B01573DDCF00812DD0;
			productRefGroup = 7426D4BC1573DDCF00812DD0 /* Products */;
			projectDirPath = "";
			projectRoot = "";
			targets = (
				7426D4BA1573DDCF00812DD0 /* CVTtoPGM */,
			);
		};
/* End PBXProject section */

/* Begin PBXSourcesBuildPhase section */
		7426D4B71573DDCF00812DD0 /* Sources */ = {
			isa = PBXSourcesBuildPhase;
			buildActionMask = 2147483647;
			files = (
				7426D4C01573DDCF00812DD0 /* OLD main.cpp in Sources */,
				7426D4D31573DE0000812DD0 /* main.cpp in Sources */,
			);
			runOnlyForDeploymentPostprocessing = 0;
		};
/* End PBXSourcesBuildPhase section */

/* Begin XCBuildConfiguration section */
		7426D4C31573DDCF00812DD0 /* Debug */ = {
			isa = XCBuildConfiguration;
			buildSettings = {
				ALWAYS_SEARCH_USER_PATHS = NO;
				ARCHS = "$(ARCHS_STANDARD_64_BIT)";
				CLANG_ENABLE_OBJC_ARC = YES;
				COPY_PHASE_STRIP = NO;
				GCC_C_LANGUAGE_STANDARD = gnu99;
				GCC_DYNAMIC_NO_PIC = NO;
				GCC_ENABLE_OBJC_EXCEPTIONS = YES;
				GCC_OPTIMIZATION_LEVEL = 0;
				GCC_PREPROCESSOR_DEFINITIONS = (
					"DEBUG=1",
					"$(inherited)",
				);
				GCC_SYMBOLS_PRIVATE_EXTERN = NO;
				GCC_VERSION = com.apple.compilers.llvm.clang.1_0;
				GCC_WARN_64_TO_32_BIT_CONVERSION = YES;
				GCC_WARN_ABOUT_RETURN_TYPE = YES;
				GCC_WARN_UNINITIALIZED_AUTOS = YES;
				GCC_WARN_UNUSED_VARIABLE = YES;
				MACOSX_DEPLOYMENT_TARGET = 10.7;
				ONLY_ACTIVE_ARCH = YES;
				SDKROOT = macosx;
			};
			name = Debug;
		};
		7426D4C41573DDCF00812DD0 /* Release */ = {
			isa = XCBuildConfiguration;
			buildSettings = {
				ALWAYS_SEARCH_USER_PATHS = NO;
				ARCHS = "$(ARCHS_STANDARD_64_BIT)";
				CLANG_ENABLE_OBJC_ARC = YES;
				COPY_PHASE_STRIP = YES;
				DEBUG_INFORMATION_FORMAT = "dwarf-with-dsym";
				GCC_C_LANGUAGE_STANDARD = gnu99;
				GCC_ENABLE_OBJC_EXCEPTIONS = YES;
				GCC_VERSION = com.apple.compilers.llvm.clang.1_0;
				GCC_WARN_64_TO_32_BIT_CONVERSION = YES;
				GCC_WARN_ABOUT_RETURN_TYPE = YES;
				GCC_WARN_UNINITIALIZED_AUTOS = YES;
				GCC_WARN_UNUSED_VARIABLE = YES;
				MACOSX_DEPLOYMENT_TARGET = 10.7;
				SDKROOT = macosx;
			};
			name = Release;
		};
		7426D4C61573DDCF00812DD0 /* Debug */ = {
			isa = XCBuildConfiguration;
			buildSettings = {
				FRAMEWORK_SEARCH_PATHS = (
					"$(inherited)",
					"\"$(SRCROOT)/CVTtoPGM\"",
				);
				PRODUCT_NAME = "$(TARGET_NAME)";
			};
			name = Debug;
		};
		7426D4C71573DDCF00812DD0 /* Release */ = {
			isa = XCBuildConfiguration;
			buildSettings = {
				FRAMEWORK_SEARCH_PATHS = (
					"$(inherited)",
					"\"$(SRCROOT)/CVTtoPGM\"",
				);
				PRODUCT_NAME = "$(TARGET_NAME)";
			};
			name = Release;
		};
/* End XCBuildConfiguration section */

/* Begin XCConfigurationList section */
		7426D4B51573DDCF00812DD0 /* Build configuration list for PBXProject "CVTtoPGM" */ = {
			isa = XCConfigurationList;
			buildConfigurations = (
				7426D4C31573DDCF00812DD0 /* Debug */,
				7426D4C41573DDCF00812DD0 /* Release */,
			);
			defaultConfigurationIsVisible = 0;
			defaultConfigurationName = Release;
		};
		7426D4C51573DDCF00812DD0 /* Build configuration list for PBXNativeTarget "CVTtoPGM" */ = {
			isa = XCConfigurationList;
			buildConfigurations = (
				7426D4C61573DDCF00812DD0 /* Debug */,
				7426D4C71573DDCF00812DD0 /* Release */,
			);
			defaultConfigurationIsVisible = 0;
		};
/* End XCConfigurationList section */
	};
	rootObject = 7426D4B21573DDCF00812DD0 /* Project object */;
}
